
Microsoft Visual Studio Solution File, Format Version 12.00
# Visual Studio Version 17
VisualStudioVersion = 17.7.34031.279
MinimumVisualStudioVersion = 10.0.40219.1
Project("{9A19103F-16F7-4668-BE54-9A1E7A4F7556}") = "Quizify.Api.App", "Qizify\Quizify.Api.App.csproj", "{8348EDCD-3EC2-4DF3-9ADE-19FBAF4AA8D4}"
EndProject
Project("{9A19103F-16F7-4668-BE54-9A1E7A4F7556}") = "Quizify.Api.BL", "Qizify.Api.BL\Quizify.Api.BL.csproj", "{C6E27BE9-4E3C-415C-9403-D3C338A776FA}"
EndProject
Project("{9A19103F-16F7-4668-BE54-9A1E7A4F7556}") = "Quizify.Api.App.EndToEndTests", "Quizify.Api.App.EndToEndTests\Quizify.Api.App.EndToEndTests.csproj", "{5273C8B6-5E2B-46A1-BA42-9D733F3963EF}"
EndProject
Project("{9A19103F-16F7-4668-BE54-9A1E7A4F7556}") = "Quizify.Api.DAL.Common.Tests", "Quizify.Api.DAL.Common.Tests\Quizify.Api.DAL.Common.Tests.csproj", "{62668A6A-F9BA-4E45-8CF9-4A5DCFD2305D}"
EndProject
Project("{9A19103F-16F7-4668-BE54-9A1E7A4F7556}") = "Quizify.Api.BL.UnitTests", "Quizify.Api.BL.UnitTests\Quizify.Api.BL.UnitTests.csproj", "{EE799E9C-E6B9-4BE2-BE97-1EB3B1D7B2EA}"
EndProject
Project("{9A19103F-16F7-4668-BE54-9A1E7A4F7556}") = "Quizify.Api.DAL.EF", "Quizify.Api.DAL.EF\Quizify.Api.DAL.EF.csproj", "{C25844C2-569C-4E72-A622-3AC0D7EABD48}"
EndProject
Project("{9A19103F-16F7-4668-BE54-9A1E7A4F7556}") = "Quizify.Api.DAL.IntegrationTests", "Quizify.Api.DAL.IntegrationTests\Quizify.Api.DAL.IntegrationTests.csproj", "{D2A4D60E-73C0-498B-9D3B-7664F576E230}"
EndProject
Project("{9A19103F-16F7-4668-BE54-9A1E7A4F7556}") = "Quizify.Api.DAL.UnitTests", "Quizify.Api.DAL.UnitTests\Quizify.Api.DAL.UnitTests.csproj", "{001781F8-77AE-4BA5-A60B-EAA38C99CD65}"
EndProject
Project("{9A19103F-16F7-4668-BE54-9A1E7A4F7556}") = "Quizify.Common", "Quizify.Common\Quizify.Common.csproj", "{CD76545A-29A5-4F86-B37F-8333C8475AFA}"
EndProject
Project("{2150E333-8FDC-42A3-9474-1A3956D46DE8}") = "API", "API", "{50E4270E-ABC4-4340-88D3-61CFCFB86460}"
EndProject
Project("{2150E333-8FDC-42A3-9474-1A3956D46DE8}") = "DAL", "DAL", "{FE6A854A-A151-478A-BC9B-DF1B24A78BC1}"
EndProject
Project("{2150E333-8FDC-42A3-9474-1A3956D46DE8}") = "BL", "BL", "{66E3A315-2612-4A4D-918F-54D6AB66FB59}"
EndProject
Project("{2150E333-8FDC-42A3-9474-1A3956D46DE8}") = "Common", "Common", "{38826A61-3ADB-41D8-A227-74F12B4BD3E2}"
EndProject
Project("{9A19103F-16F7-4668-BE54-9A1E7A4F7556}") = "Quizify.Common.BL", "Quizify.Common.BL\Quizify.Common.BL.csproj", "{5868B7C8-4398-4749-9490-F2785533E0C8}"
EndProject
Project("{9A19103F-16F7-4668-BE54-9A1E7A4F7556}") = "Quizify.Common.Models", "Quizify.Common.Models\Quizify.Common.Models.csproj", "{427DEB16-8930-4B2B-B528-F8DBF0299F1A}"
	ProjectSection(ProjectDependencies) = postProject
		{CD76545A-29A5-4F86-B37F-8333C8475AFA} = {CD76545A-29A5-4F86-B37F-8333C8475AFA}
	EndProjectSection
EndProject
Project("{2150E333-8FDC-42A3-9474-1A3956D46DE8}") = "Web", "Web", "{3D8E2E9E-36BB-4EDC-90C1-AE409AD274B9}"
EndProject
Project("{FAE04EC0-301F-11D3-BF4B-00C04F79EFBC}") = "Quizify.Web.App", "Quizify.Web.App\Quizify.Web.App.csproj", "{A3A52D96-4FC2-431E-9777-4671D0908D11}"
EndProject
Project("{FAE04EC0-301F-11D3-BF4B-00C04F79EFBC}") = "Quizify.Web.BL", "Quizify.Web.BL\Quizify.Web.BL.csproj", "{6265B308-5B3C-414C-A574-A9E881240378}"
EndProject
Global
	GlobalSection(SolutionConfigurationPlatforms) = preSolution
		Debug|Any CPU = Debug|Any CPU
		Release|Any CPU = Release|Any CPU
	EndGlobalSection
	GlobalSection(ProjectConfigurationPlatforms) = postSolution
		{8348EDCD-3EC2-4DF3-9ADE-19FBAF4AA8D4}.Debug|Any CPU.ActiveCfg = Debug|Any CPU
		{8348EDCD-3EC2-4DF3-9ADE-19FBAF4AA8D4}.Debug|Any CPU.Build.0 = Debug|Any CPU
		{8348EDCD-3EC2-4DF3-9ADE-19FBAF4AA8D4}.Release|Any CPU.ActiveCfg = Release|Any CPU
		{8348EDCD-3EC2-4DF3-9ADE-19FBAF4AA8D4}.Release|Any CPU.Build.0 = Release|Any CPU
		{C6E27BE9-4E3C-415C-9403-D3C338A776FA}.Debug|Any CPU.ActiveCfg = Debug|Any CPU
		{C6E27BE9-4E3C-415C-9403-D3C338A776FA}.Debug|Any CPU.Build.0 = Debug|Any CPU
		{C6E27BE9-4E3C-415C-9403-D3C338A776FA}.Release|Any CPU.ActiveCfg = Release|Any CPU
		{C6E27BE9-4E3C-415C-9403-D3C338A776FA}.Release|Any CPU.Build.0 = Release|Any CPU
		{5273C8B6-5E2B-46A1-BA42-9D733F3963EF}.Debug|Any CPU.ActiveCfg = Debug|Any CPU
		{5273C8B6-5E2B-46A1-BA42-9D733F3963EF}.Debug|Any CPU.Build.0 = Debug|Any CPU
		{5273C8B6-5E2B-46A1-BA42-9D733F3963EF}.Release|Any CPU.ActiveCfg = Release|Any CPU
		{5273C8B6-5E2B-46A1-BA42-9D733F3963EF}.Release|Any CPU.Build.0 = Release|Any CPU
		{62668A6A-F9BA-4E45-8CF9-4A5DCFD2305D}.Debug|Any CPU.ActiveCfg = Debug|Any CPU
		{62668A6A-F9BA-4E45-8CF9-4A5DCFD2305D}.Debug|Any CPU.Build.0 = Debug|Any CPU
		{62668A6A-F9BA-4E45-8CF9-4A5DCFD2305D}.Release|Any CPU.ActiveCfg = Release|Any CPU
		{62668A6A-F9BA-4E45-8CF9-4A5DCFD2305D}.Release|Any CPU.Build.0 = Release|Any CPU
		{EE799E9C-E6B9-4BE2-BE97-1EB3B1D7B2EA}.Debug|Any CPU.ActiveCfg = Debug|Any CPU
		{EE799E9C-E6B9-4BE2-BE97-1EB3B1D7B2EA}.Debug|Any CPU.Build.0 = Debug|Any CPU
		{EE799E9C-E6B9-4BE2-BE97-1EB3B1D7B2EA}.Release|Any CPU.ActiveCfg = Release|Any CPU
		{EE799E9C-E6B9-4BE2-BE97-1EB3B1D7B2EA}.Release|Any CPU.Build.0 = Release|Any CPU
		{C25844C2-569C-4E72-A622-3AC0D7EABD48}.Debug|Any CPU.ActiveCfg = Debug|Any CPU
		{C25844C2-569C-4E72-A622-3AC0D7EABD48}.Debug|Any CPU.Build.0 = Debug|Any CPU
		{C25844C2-569C-4E72-A622-3AC0D7EABD48}.Release|Any CPU.ActiveCfg = Release|Any CPU
		{C25844C2-569C-4E72-A622-3AC0D7EABD48}.Release|Any CPU.Build.0 = Release|Any CPU
		{D2A4D60E-73C0-498B-9D3B-7664F576E230}.Debug|Any CPU.ActiveCfg = Debug|Any CPU
		{D2A4D60E-73C0-498B-9D3B-7664F576E230}.Debug|Any CPU.Build.0 = Debug|Any CPU
		{D2A4D60E-73C0-498B-9D3B-7664F576E230}.Release|Any CPU.ActiveCfg = Release|Any CPU
		{D2A4D60E-73C0-498B-9D3B-7664F576E230}.Release|Any CPU.Build.0 = Release|Any CPU
		{001781F8-77AE-4BA5-A60B-EAA38C99CD65}.Debug|Any CPU.ActiveCfg = Debug|Any CPU
		{001781F8-77AE-4BA5-A60B-EAA38C99CD65}.Debug|Any CPU.Build.0 = Debug|Any CPU
		{001781F8-77AE-4BA5-A60B-EAA38C99CD65}.Release|Any CPU.ActiveCfg = Release|Any CPU
		{001781F8-77AE-4BA5-A60B-EAA38C99CD65}.Release|Any CPU.Build.0 = Release|Any CPU
		{CD76545A-29A5-4F86-B37F-8333C8475AFA}.Debug|Any CPU.ActiveCfg = Debug|Any CPU
		{CD76545A-29A5-4F86-B37F-8333C8475AFA}.Debug|Any CPU.Build.0 = Debug|Any CPU
		{CD76545A-29A5-4F86-B37F-8333C8475AFA}.Release|Any CPU.ActiveCfg = Release|Any CPU
		{CD76545A-29A5-4F86-B37F-8333C8475AFA}.Release|Any CPU.Build.0 = Release|Any CPU
		{5868B7C8-4398-4749-9490-F2785533E0C8}.Debug|Any CPU.ActiveCfg = Debug|Any CPU
		{5868B7C8-4398-4749-9490-F2785533E0C8}.Debug|Any CPU.Build.0 = Debug|Any CPU
		{5868B7C8-4398-4749-9490-F2785533E0C8}.Release|Any CPU.ActiveCfg = Release|Any CPU
		{5868B7C8-4398-4749-9490-F2785533E0C8}.Release|Any CPU.Build.0 = Release|Any CPU
		{427DEB16-8930-4B2B-B528-F8DBF0299F1A}.Debug|Any CPU.ActiveCfg = Debug|Any CPU
		{427DEB16-8930-4B2B-B528-F8DBF0299F1A}.Debug|Any CPU.Build.0 = Debug|Any CPU
		{427DEB16-8930-4B2B-B528-F8DBF0299F1A}.Release|Any CPU.ActiveCfg = Release|Any CPU
		{427DEB16-8930-4B2B-B528-F8DBF0299F1A}.Release|Any CPU.Build.0 = Release|Any CPU
		{A3A52D96-4FC2-431E-9777-4671D0908D11}.Debug|Any CPU.ActiveCfg = Debug|Any CPU
		{A3A52D96-4FC2-431E-9777-4671D0908D11}.Debug|Any CPU.Build.0 = Debug|Any CPU
		{A3A52D96-4FC2-431E-9777-4671D0908D11}.Release|Any CPU.ActiveCfg = Release|Any CPU
		{A3A52D96-4FC2-431E-9777-4671D0908D11}.Release|Any CPU.Build.0 = Release|Any CPU
		{6265B308-5B3C-414C-A574-A9E881240378}.Debug|Any CPU.ActiveCfg = Debug|Any CPU
		{6265B308-5B3C-414C-A574-A9E881240378}.Debug|Any CPU.Build.0 = Debug|Any CPU
		{6265B308-5B3C-414C-A574-A9E881240378}.Release|Any CPU.ActiveCfg = Release|Any CPU
		{6265B308-5B3C-414C-A574-A9E881240378}.Release|Any CPU.Build.0 = Release|Any CPU
	EndGlobalSection
	GlobalSection(SolutionProperties) = preSolution
		HideSolutionNode = FALSE
	EndGlobalSection
	GlobalSection(NestedProjects) = preSolution
		{8348EDCD-3EC2-4DF3-9ADE-19FBAF4AA8D4} = {50E4270E-ABC4-4340-88D3-61CFCFB86460}
		{C6E27BE9-4E3C-415C-9403-D3C338A776FA} = {66E3A315-2612-4A4D-918F-54D6AB66FB59}
		{5273C8B6-5E2B-46A1-BA42-9D733F3963EF} = {50E4270E-ABC4-4340-88D3-61CFCFB86460}
		{62668A6A-F9BA-4E45-8CF9-4A5DCFD2305D} = {FE6A854A-A151-478A-BC9B-DF1B24A78BC1}
		{EE799E9C-E6B9-4BE2-BE97-1EB3B1D7B2EA} = {66E3A315-2612-4A4D-918F-54D6AB66FB59}
		{C25844C2-569C-4E72-A622-3AC0D7EABD48} = {FE6A854A-A151-478A-BC9B-DF1B24A78BC1}
		{D2A4D60E-73C0-498B-9D3B-7664F576E230} = {FE6A854A-A151-478A-BC9B-DF1B24A78BC1}
		{001781F8-77AE-4BA5-A60B-EAA38C99CD65} = {FE6A854A-A151-478A-BC9B-DF1B24A78BC1}
		{CD76545A-29A5-4F86-B37F-8333C8475AFA} = {38826A61-3ADB-41D8-A227-74F12B4BD3E2}
		{FE6A854A-A151-478A-BC9B-DF1B24A78BC1} = {50E4270E-ABC4-4340-88D3-61CFCFB86460}
		{66E3A315-2612-4A4D-918F-54D6AB66FB59} = {50E4270E-ABC4-4340-88D3-61CFCFB86460}
		{5868B7C8-4398-4749-9490-F2785533E0C8} = {38826A61-3ADB-41D8-A227-74F12B4BD3E2}
		{427DEB16-8930-4B2B-B528-F8DBF0299F1A} = {38826A61-3ADB-41D8-A227-74F12B4BD3E2}
		{A3A52D96-4FC2-431E-9777-4671D0908D11} = {3D8E2E9E-36BB-4EDC-90C1-AE409AD274B9}
		{6265B308-5B3C-414C-A574-A9E881240378} = {3D8E2E9E-36BB-4EDC-90C1-AE409AD274B9}
	EndGlobalSection
	GlobalSection(ExtensibilityGlobals) = postSolution
		SolutionGuid = {ABFD212E-D099-4AEF-B780-EE84E9E10B9B}
	EndGlobalSection
EndGlobal
